{
    "name": "Jen_s_Pizza",
    "version": "1.0.0",
    "lockfileVersion": 3,
    "requires": true,
    "packages": {
        "": {
            "version": "1.0.0",
            "dependencies": {
                "nodemailer": "^7.0.7",
                "querystring": "^0.2.1"
            }
        },
        "node_modules/nodemailer": {
            "version": "7.0.7",
            "resolved": "https://registry.npmjs.org/nodemailer/-/nodemailer-7.0.7.tgz",
            "integrity": "sha512-jGOaRznodf62TVzdyhKt/f1Q/c3kYynk8629sgJHpRzGZj01ezbgMMWJSAjHADcwTKxco3B68/R+KHJY2T5BaA==",
            "license": "MIT-0",
            "engines": {
                "node": ">=6.0.0"
            }
        },
        "node_modules/querystring": {
            "version": "0.2.1",
            "resolved": "https://registry.npmjs.org/querystring/-/querystring-0.2.1.tgz",
            "integrity": "sha512-wkvS7mL/JMugcup3/rMitHmd9ecIGd2lhFhK9N3UUQ450h66d1r3Y9nvXzQAW1Lq+wyx61k/1pfKS5KuKiyEbg==",
            "deprecated": "The querystring API is considered Legacy. new code should use the URLSearchParams API instead.",
            "engines": {
                "node": ">=0.4.x"
            }
        }
    }
}
